// !$*UTF8*$!
{
	archiveVersion = 1;
	classes = {
	};
	objectVersion = 46;
	objects = {

/* Begin PBXBuildFile section */
		61C20ECE19BD38D000E60E27 /* Foundation.framework in Frameworks */ = {isa = PBXBuildFile; fileRef = 61C20ECD19BD38D000E60E27 /* Foundation.framework */; };
		61C20ED019BD38D000E60E27 /* CoreGraphics.framework in Frameworks */ = {isa = PBXBuildFile; fileRef = 61C20ECF19BD38D000E60E27 /* CoreGraphics.framework */; };
		61C20ED219BD38D000E60E27 /* UIKit.framework in Frameworks */ = {isa = PBXBuildFile; fileRef = 61C20ED119BD38D000E60E27 /* UIKit.framework */; };
		61C20ED819BD38D000E60E27 /* InfoPlist.strings in Resources */ = {isa = PBXBuildFile; fileRef = 61C20ED619BD38D000E60E27 /* InfoPlist.strings */; };
		61C20EDA19BD38D000E60E27 /* main.m in Sources */ = {isa = PBXBuildFile; fileRef = 61C20ED919BD38D000E60E27 /* main.m */; };
		61C20EDE19BD38D000E60E27 /* AppDelegate.m in Sources */ = {isa = PBXBuildFile; fileRef = 61C20EDD19BD38D000E60E27 /* AppDelegate.m */; };
		61C20EE119BD38D000E60E27 /* Main.storyboard in Resources */ = {isa = PBXBuildFile; fileRef = 61C20EDF19BD38D000E60E27 /* Main.storyboard */; };
		61C20EE419BD38D000E60E27 /* ViewController.m in Sources */ = {isa = PBXBuildFile; fileRef = 61C20EE319BD38D000E60E27 /* ViewController.m */; };
		61C20EE619BD38D000E60E27 /* Images.xcassets in Resources */ = {isa = PBXBuildFile; fileRef = 61C20EE519BD38D000E60E27 /* Images.xcassets */; };
		61C20EED19BD38D000E60E27 /* XCTest.framework in Frameworks */ = {isa = PBXBuildFile; fileRef = 61C20EEC19BD38D000E60E27 /* XCTest.framework */; };
		61C20EEE19BD38D000E60E27 /* Foundation.framework in Frameworks */ = {isa = PBXBuildFile; fileRef = 61C20ECD19BD38D000E60E27 /* Foundation.framework */; };
		61C20EEF19BD38D000E60E27 /* UIKit.framework in Frameworks */ = {isa = PBXBuildFile; fileRef = 61C20ED119BD38D000E60E27 /* UIKit.framework */; };
		61C20EF719BD38D000E60E27 /* InfoPlist.strings in Resources */ = {isa = PBXBuildFile; fileRef = 61C20EF519BD38D000E60E27 /* InfoPlist.strings */; };
		61C20EF919BD38D100E60E27 /* calculadora7Tests.m in Sources */ = {isa = PBXBuildFile; fileRef = 61C20EF819BD38D100E60E27 /* calculadora7Tests.m */; };
		61C20F3519BD3DD600E60E27 /* _DDDecimalFunctions.m in Sources */ = {isa = PBXBuildFile; fileRef = 61C20F0419BD3DD600E60E27 /* _DDDecimalFunctions.m */; };
		61C20F3619BD3DD600E60E27 /* _DDFunctionEvaluator.m in Sources */ = {isa = PBXBuildFile; fileRef = 61C20F0619BD3DD600E60E27 /* _DDFunctionEvaluator.m */; };
		61C20F3719BD3DD600E60E27 /* _DDFunctionExpression.m in Sources */ = {isa = PBXBuildFile; fileRef = 61C20F0819BD3DD600E60E27 /* _DDFunctionExpression.m */; };
		61C20F3819BD3DD600E60E27 /* _DDFunctionTerm.m in Sources */ = {isa = PBXBuildFile; fileRef = 61C20F0A19BD3DD600E60E27 /* _DDFunctionTerm.m */; };
		61C20F3919BD3DD600E60E27 /* _DDGroupTerm.m in Sources */ = {isa = PBXBuildFile; fileRef = 61C20F0C19BD3DD600E60E27 /* _DDGroupTerm.m */; };
		61C20F3A19BD3DD600E60E27 /* _DDNumberExpression.m in Sources */ = {isa = PBXBuildFile; fileRef = 61C20F0E19BD3DD600E60E27 /* _DDNumberExpression.m */; };
		61C20F3B19BD3DD600E60E27 /* _DDNumberTerm.m in Sources */ = {isa = PBXBuildFile; fileRef = 61C20F1019BD3DD600E60E27 /* _DDNumberTerm.m */; };
		61C20F3C19BD3DD600E60E27 /* _DDOperatorTerm.m in Sources */ = {isa = PBXBuildFile; fileRef = 61C20F1219BD3DD600E60E27 /* _DDOperatorTerm.m */; };
		61C20F3D19BD3DD600E60E27 /* _DDParserTerm.m in Sources */ = {isa = PBXBuildFile; fileRef = 61C20F1419BD3DD600E60E27 /* _DDParserTerm.m */; };
		61C20F3E19BD3DD600E60E27 /* _DDPrecisionFunctionEvaluator.m in Sources */ = {isa = PBXBuildFile; fileRef = 61C20F1619BD3DD600E60E27 /* _DDPrecisionFunctionEvaluator.m */; };
		61C20F3F19BD3DD600E60E27 /* _DDRewriteRule.m in Sources */ = {isa = PBXBuildFile; fileRef = 61C20F1819BD3DD600E60E27 /* _DDRewriteRule.m */; };
		61C20F4019BD3DD600E60E27 /* _DDVariableExpression.m in Sources */ = {isa = PBXBuildFile; fileRef = 61C20F1A19BD3DD600E60E27 /* _DDVariableExpression.m */; };
		61C20F4119BD3DD600E60E27 /* _DDVariableTerm.m in Sources */ = {isa = PBXBuildFile; fileRef = 61C20F1C19BD3DD600E60E27 /* _DDVariableTerm.m */; };
		61C20F4219BD3DD600E60E27 /* DDExpression.m in Sources */ = {isa = PBXBuildFile; fileRef = 61C20F1E19BD3DD600E60E27 /* DDExpression.m */; };
		61C20F4319BD3DD600E60E27 /* DDExpressionRewriter.m in Sources */ = {isa = PBXBuildFile; fileRef = 61C20F2019BD3DD600E60E27 /* DDExpressionRewriter.m */; };
		61C20F4419BD3DD600E60E27 /* DDMathEvaluator.m in Sources */ = {isa = PBXBuildFile; fileRef = 61C20F2319BD3DD600E60E27 /* DDMathEvaluator.m */; };
		61C20F4519BD3DD600E60E27 /* DDMathOperator.m in Sources */ = {isa = PBXBuildFile; fileRef = 61C20F2519BD3DD600E60E27 /* DDMathOperator.m */; };
		61C20F4619BD3DD600E60E27 /* DDMathStringToken.m in Sources */ = {isa = PBXBuildFile; fileRef = 61C20F2A19BD3DD600E60E27 /* DDMathStringToken.m */; };
		61C20F4719BD3DD600E60E27 /* DDMathStringTokenizer.m in Sources */ = {isa = PBXBuildFile; fileRef = 61C20F2C19BD3DD600E60E27 /* DDMathStringTokenizer.m */; };
		61C20F4819BD3DD600E60E27 /* DDParser.m in Sources */ = {isa = PBXBuildFile; fileRef = 61C20F2E19BD3DD600E60E27 /* DDParser.m */; };
		61C20F4919BD3DD600E60E27 /* DDParserTypes.m in Sources */ = {isa = PBXBuildFile; fileRef = 61C20F3019BD3DD600E60E27 /* DDParserTypes.m */; };
		61C20F4A19BD3DD600E60E27 /* DDTypes.m in Sources */ = {isa = PBXBuildFile; fileRef = 61C20F3219BD3DD600E60E27 /* DDTypes.m */; };
		61C20F4B19BD3DD600E60E27 /* NSString+DDMathParsing.m in Sources */ = {isa = PBXBuildFile; fileRef = 61C20F3419BD3DD600E60E27 /* NSString+DDMathParsing.m */; };
/* End PBXBuildFile section */

/* Begin PBXContainerItemProxy section */
		61C20EF019BD38D000E60E27 /* PBXContainerItemProxy */ = {
			isa = PBXContainerItemProxy;
			containerPortal = 61C20EC219BD38D000E60E27 /* Project object */;
			proxyType = 1;
			remoteGlobalIDString = 61C20EC919BD38D000E60E27;
			remoteInfo = calculadora7;
		};
/* End PBXContainerItemProxy section */

/* Begin PBXFileReference section */
		61C20ECA19BD38D000E60E27 /* calculadora7.app */ = {isa = PBXFileReference; explicitFileType = wrapper.application; includeInIndex = 0; path = calculadora7.app; sourceTree = BUILT_PRODUCTS_DIR; };
		61C20ECD19BD38D000E60E27 /* Foundation.framework */ = {isa = PBXFileReference; lastKnownFileType = wrapper.framework; name = Foundation.framework; path = System/Library/Frameworks/Foundation.framework; sourceTree = SDKROOT; };
		61C20ECF19BD38D000E60E27 /* CoreGraphics.framework */ = {isa = PBXFileReference; lastKnownFileType = wrapper.framework; name = CoreGraphics.framework; path = System/Library/Frameworks/CoreGraphics.framework; sourceTree = SDKROOT; };
		61C20ED119BD38D000E60E27 /* UIKit.framework */ = {isa = PBXFileReference; lastKnownFileType = wrapper.framework; name = UIKit.framework; path = System/Library/Frameworks/UIKit.framework; sourceTree = SDKROOT; };
		61C20ED519BD38D000E60E27 /* calculadora7-Info.plist */ = {isa = PBXFileReference; lastKnownFileType = text.plist.xml; path = "calculadora7-Info.plist"; sourceTree = "<group>"; };
		61C20ED719BD38D000E60E27 /* en */ = {isa = PBXFileReference; lastKnownFileType = text.plist.strings; name = en; path = en.lproj/InfoPlist.strings; sourceTree = "<group>"; };
		61C20ED919BD38D000E60E27 /* main.m */ = {isa = PBXFileReference; lastKnownFileType = sourcecode.c.objc; path = main.m; sourceTree = "<group>"; };
		61C20EDB19BD38D000E60E27 /* calculadora7-Prefix.pch */ = {isa = PBXFileReference; lastKnownFileType = sourcecode.c.h; path = "calculadora7-Prefix.pch"; sourceTree = "<group>"; };
		61C20EDC19BD38D000E60E27 /* AppDelegate.h */ = {isa = PBXFileReference; lastKnownFileType = sourcecode.c.h; path = AppDelegate.h; sourceTree = "<group>"; };
		61C20EDD19BD38D000E60E27 /* AppDelegate.m */ = {isa = PBXFileReference; lastKnownFileType = sourcecode.c.objc; path = AppDelegate.m; sourceTree = "<group>"; };
		61C20EE019BD38D000E60E27 /* Base */ = {isa = PBXFileReference; lastKnownFileType = file.storyboard; name = Base; path = Base.lproj/Main.storyboard; sourceTree = "<group>"; };
		61C20EE219BD38D000E60E27 /* ViewController.h */ = {isa = PBXFileReference; lastKnownFileType = sourcecode.c.h; path = ViewController.h; sourceTree = "<group>"; };
		61C20EE319BD38D000E60E27 /* ViewController.m */ = {isa = PBXFileReference; lastKnownFileType = sourcecode.c.objc; path = ViewController.m; sourceTree = "<group>"; };
		61C20EE519BD38D000E60E27 /* Images.xcassets */ = {isa = PBXFileReference; lastKnownFileType = folder.assetcatalog; path = Images.xcassets; sourceTree = "<group>"; };
		61C20EEB19BD38D000E60E27 /* calculadora7Tests.xctest */ = {isa = PBXFileReference; explicitFileType = wrapper.cfbundle; includeInIndex = 0; path = calculadora7Tests.xctest; sourceTree = BUILT_PRODUCTS_DIR; };
		61C20EEC19BD38D000E60E27 /* XCTest.framework */ = {isa = PBXFileReference; lastKnownFileType = wrapper.framework; name = XCTest.framework; path = Library/Frameworks/XCTest.framework; sourceTree = DEVELOPER_DIR; };
		61C20EF419BD38D000E60E27 /* calculadora7Tests-Info.plist */ = {isa = PBXFileReference; lastKnownFileType = text.plist.xml; path = "calculadora7Tests-Info.plist"; sourceTree = "<group>"; };
		61C20EF619BD38D000E60E27 /* en */ = {isa = PBXFileReference; lastKnownFileType = text.plist.strings; name = en; path = en.lproj/InfoPlist.strings; sourceTree = "<group>"; };
		61C20EF819BD38D100E60E27 /* calculadora7Tests.m */ = {isa = PBXFileReference; lastKnownFileType = sourcecode.c.objc; path = calculadora7Tests.m; sourceTree = "<group>"; };
		61C20F0319BD3DD600E60E27 /* _DDDecimalFunctions.h */ = {isa = PBXFileReference; fileEncoding = 4; lastKnownFileType = sourcecode.c.h; path = _DDDecimalFunctions.h; sourceTree = "<group>"; };
		61C20F0419BD3DD600E60E27 /* _DDDecimalFunctions.m */ = {isa = PBXFileReference; fileEncoding = 4; lastKnownFileType = sourcecode.c.objc; path = _DDDecimalFunctions.m; sourceTree = "<group>"; };
		61C20F0519BD3DD600E60E27 /* _DDFunctionEvaluator.h */ = {isa = PBXFileReference; fileEncoding = 4; lastKnownFileType = sourcecode.c.h; path = _DDFunctionEvaluator.h; sourceTree = "<group>"; };
		61C20F0619BD3DD600E60E27 /* _DDFunctionEvaluator.m */ = {isa = PBXFileReference; fileEncoding = 4; lastKnownFileType = sourcecode.c.objc; path = _DDFunctionEvaluator.m; sourceTree = "<group>"; };
		61C20F0719BD3DD600E60E27 /* _DDFunctionExpression.h */ = {isa = PBXFileReference; fileEncoding = 4; lastKnownFileType = sourcecode.c.h; path = _DDFunctionExpression.h; sourceTree = "<group>"; };
		61C20F0819BD3DD600E60E27 /* _DDFunctionExpression.m */ = {isa = PBXFileReference; fileEncoding = 4; lastKnownFileType = sourcecode.c.objc; path = _DDFunctionExpression.m; sourceTree = "<group>"; };
		61C20F0919BD3DD600E60E27 /* _DDFunctionTerm.h */ = {isa = PBXFileReference; fileEncoding = 4; lastKnownFileType = sourcecode.c.h; path = _DDFunctionTerm.h; sourceTree = "<group>"; };
		61C20F0A19BD3DD600E60E27 /* _DDFunctionTerm.m */ = {isa = PBXFileReference; fileEncoding = 4; lastKnownFileType = sourcecode.c.objc; path = _DDFunctionTerm.m; sourceTree = "<group>"; };
		61C20F0B19BD3DD600E60E27 /* _DDGroupTerm.h */ = {isa = PBXFileReference; fileEncoding = 4; lastKnownFileType = sourcecode.c.h; path = _DDGroupTerm.h; sourceTree = "<group>"; };
		61C20F0C19BD3DD600E60E27 /* _DDGroupTerm.m */ = {isa = PBXFileReference; fileEncoding = 4; lastKnownFileType = sourcecode.c.objc; path = _DDGroupTerm.m; sourceTree = "<group>"; };
		61C20F0D19BD3DD600E60E27 /* _DDNumberExpression.h */ = {isa = PBXFileReference; fileEncoding = 4; lastKnownFileType = sourcecode.c.h; path = _DDNumberExpression.h; sourceTree = "<group>"; };
		61C20F0E19BD3DD600E60E27 /* _DDNumberExpression.m */ = {isa = PBXFileReference; fileEncoding = 4; lastKnownFileType = sourcecode.c.objc; path = _DDNumberExpression.m; sourceTree = "<group>"; };
		61C20F0F19BD3DD600E60E27 /* _DDNumberTerm.h */ = {isa = PBXFileReference; fileEncoding = 4; lastKnownFileType = sourcecode.c.h; path = _DDNumberTerm.h; sourceTree = "<group>"; };
		61C20F1019BD3DD600E60E27 /* _DDNumberTerm.m */ = {isa = PBXFileReference; fileEncoding = 4; lastKnownFileType = sourcecode.c.objc; path = _DDNumberTerm.m; sourceTree = "<group>"; };
		61C20F1119BD3DD600E60E27 /* _DDOperatorTerm.h */ = {isa = PBXFileReference; fileEncoding = 4; lastKnownFileType = sourcecode.c.h; path = _DDOperatorTerm.h; sourceTree = "<group>"; };
		61C20F1219BD3DD600E60E27 /* _DDOperatorTerm.m */ = {isa = PBXFileReference; fileEncoding = 4; lastKnownFileType = sourcecode.c.objc; path = _DDOperatorTerm.m; sourceTree = "<group>"; };
		61C20F1319BD3DD600E60E27 /* _DDParserTerm.h */ = {isa = PBXFileReference; fileEncoding = 4; lastKnownFileType = sourcecode.c.h; path = _DDParserTerm.h; sourceTree = "<group>"; };
		61C20F1419BD3DD600E60E27 /* _DDParserTerm.m */ = {isa = PBXFileReference; fileEncoding = 4; lastKnownFileType = sourcecode.c.objc; path = _DDParserTerm.m; sourceTree = "<group>"; };
		61C20F1519BD3DD600E60E27 /* _DDPrecisionFunctionEvaluator.h */ = {isa = PBXFileReference; fileEncoding = 4; lastKnownFileType = sourcecode.c.h; path = _DDPrecisionFunctionEvaluator.h; sourceTree = "<group>"; };
		61C20F1619BD3DD600E60E27 /* _DDPrecisionFunctionEvaluator.m */ = {isa = PBXFileReference; fileEncoding = 4; lastKnownFileType = sourcecode.c.objc; path = _DDPrecisionFunctionEvaluator.m; sourceTree = "<group>"; };
		61C20F1719BD3DD600E60E27 /* _DDRewriteRule.h */ = {isa = PBXFileReference; fileEncoding = 4; lastKnownFileType = sourcecode.c.h; path = _DDRewriteRule.h; sourceTree = "<group>"; };
		61C20F1819BD3DD600E60E27 /* _DDRewriteRule.m */ = {isa = PBXFileReference; fileEncoding = 4; lastKnownFileType = sourcecode.c.objc; path = _DDRewriteRule.m; sourceTree = "<group>"; };
		61C20F1919BD3DD600E60E27 /* _DDVariableExpression.h */ = {isa = PBXFileReference; fileEncoding = 4; lastKnownFileType = sourcecode.c.h; path = _DDVariableExpression.h; sourceTree = "<group>"; };
		61C20F1A19BD3DD600E60E27 /* _DDVariableExpression.m */ = {isa = PBXFileReference; fileEncoding = 4; lastKnownFileType = sourcecode.c.objc; path = _DDVariableExpression.m; sourceTree = "<group>"; };
		61C20F1B19BD3DD600E60E27 /* _DDVariableTerm.h */ = {isa = PBXFileReference; fileEncoding = 4; lastKnownFileType = sourcecode.c.h; path = _DDVariableTerm.h; sourceTree = "<group>"; };
		61C20F1C19BD3DD600E60E27 /* _DDVariableTerm.m */ = {isa = PBXFileReference; fileEncoding = 4; lastKnownFileType = sourcecode.c.objc; path = _DDVariableTerm.m; sourceTree = "<group>"; };
		61C20F1D19BD3DD600E60E27 /* DDExpression.h */ = {isa = PBXFileReference; fileEncoding = 4; lastKnownFileType = sourcecode.c.h; path = DDExpression.h; sourceTree = "<group>"; };
		61C20F1E19BD3DD600E60E27 /* DDExpression.m */ = {isa = PBXFileReference; fileEncoding = 4; lastKnownFileType = sourcecode.c.objc; path = DDExpression.m; sourceTree = "<group>"; };
		61C20F1F19BD3DD600E60E27 /* DDExpressionRewriter.h */ = {isa = PBXFileReference; fileEncoding = 4; lastKnownFileType = sourcecode.c.h; path = DDExpressionRewriter.h; sourceTree = "<group>"; };
		61C20F2019BD3DD600E60E27 /* DDExpressionRewriter.m */ = {isa = PBXFileReference; fileEncoding = 4; lastKnownFileType = sourcecode.c.objc; path = DDExpressionRewriter.m; sourceTree = "<group>"; };
		61C20F2119BD3DD600E60E27 /* DDMathEvaluator+Private.h */ = {isa = PBXFileReference; fileEncoding = 4; lastKnownFileType = sourcecode.c.h; path = "DDMathEvaluator+Private.h"; sourceTree = "<group>"; };
		61C20F2219BD3DD600E60E27 /* DDMathEvaluator.h */ = {isa = PBXFileReference; fileEncoding = 4; lastKnownFileType = sourcecode.c.h; path = DDMathEvaluator.h; sourceTree = "<group>"; };
		61C20F2319BD3DD600E60E27 /* DDMathEvaluator.m */ = {isa = PBXFileReference; fileEncoding = 4; lastKnownFileType = sourcecode.c.objc; path = DDMathEvaluator.m; sourceTree = "<group>"; };
		61C20F2419BD3DD600E60E27 /* DDMathOperator.h */ = {isa = PBXFileReference; fileEncoding = 4; lastKnownFileType = sourcecode.c.h; path = DDMathOperator.h; sourceTree = "<group>"; };
		61C20F2519BD3DD600E60E27 /* DDMathOperator.m */ = {isa = PBXFileReference; fileEncoding = 4; lastKnownFileType = sourcecode.c.objc; path = DDMathOperator.m; sourceTree = "<group>"; };
		61C20F2619BD3DD600E60E27 /* DDMathOperator_Internal.h */ = {isa = PBXFileReference; fileEncoding = 4; lastKnownFileType = sourcecode.c.h; path = DDMathOperator_Internal.h; sourceTree = "<group>"; };
		61C20F2719BD3DD600E60E27 /* DDMathParser.h */ = {isa = PBXFileReference; fileEncoding = 4; lastKnownFileType = sourcecode.c.h; path = DDMathParser.h; sourceTree = "<group>"; };
		61C20F2819BD3DD600E60E27 /* DDMathParserMacros.h */ = {isa = PBXFileReference; fileEncoding = 4; lastKnownFileType = sourcecode.c.h; path = DDMathParserMacros.h; sourceTree = "<group>"; };
		61C20F2919BD3DD600E60E27 /* DDMathStringToken.h */ = {isa = PBXFileReference; fileEncoding = 4; lastKnownFileType = sourcecode.c.h; path = DDMathStringToken.h; sourceTree = "<group>"; };
		61C20F2A19BD3DD600E60E27 /* DDMathStringToken.m */ = {isa = PBXFileReference; fileEncoding = 4; lastKnownFileType = sourcecode.c.objc; path = DDMathStringToken.m; sourceTree = "<group>"; };
		61C20F2B19BD3DD600E60E27 /* DDMathStringTokenizer.h */ = {isa = PBXFileReference; fileEncoding = 4; lastKnownFileType = sourcecode.c.h; path = DDMathStringTokenizer.h; sourceTree = "<group>"; };
		61C20F2C19BD3DD600E60E27 /* DDMathStringTokenizer.m */ = {isa = PBXFileReference; fileEncoding = 4; lastKnownFileType = sourcecode.c.objc; path = DDMathStringTokenizer.m; sourceTree = "<group>"; };
		61C20F2D19BD3DD600E60E27 /* DDParser.h */ = {isa = PBXFileReference; fileEncoding = 4; lastKnownFileType = sourcecode.c.h; path = DDParser.h; sourceTree = "<group>"; };
		61C20F2E19BD3DD600E60E27 /* DDParser.m */ = {isa = PBXFileReference; fileEncoding = 4; lastKnownFileType = sourcecode.c.objc; path = DDParser.m; sourceTree = "<group>"; };
		61C20F2F19BD3DD600E60E27 /* DDParserTypes.h */ = {isa = PBXFileReference; fileEncoding = 4; lastKnownFileType = sourcecode.c.h; path = DDParserTypes.h; sourceTree = "<group>"; };
		61C20F3019BD3DD600E60E27 /* DDParserTypes.m */ = {isa = PBXFileReference; fileEncoding = 4; lastKnownFileType = sourcecode.c.objc; path = DDParserTypes.m; sourceTree = "<group>"; };
		61C20F3119BD3DD600E60E27 /* DDTypes.h */ = {isa = PBXFileReference; fileEncoding = 4; lastKnownFileType = sourcecode.c.h; path = DDTypes.h; sourceTree = "<group>"; };
		61C20F3219BD3DD600E60E27 /* DDTypes.m */ = {isa = PBXFileReference; fileEncoding = 4; lastKnownFileType = sourcecode.c.objc; path = DDTypes.m; sourceTree = "<group>"; };
		61C20F3319BD3DD600E60E27 /* NSString+DDMathParsing.h */ = {isa = PBXFileReference; fileEncoding = 4; lastKnownFileType = sourcecode.c.h; path = "NSString+DDMathParsing.h"; sourceTree = "<group>"; };
		61C20F3419BD3DD600E60E27 /* NSString+DDMathParsing.m */ = {isa = PBXFileReference; fileEncoding = 4; lastKnownFileType = sourcecode.c.objc; path = "NSString+DDMathParsing.m"; sourceTree = "<group>"; };
/* End PBXFileReference section */

/* Begin PBXFrameworksBuildPhase section */
		61C20EC719BD38D000E60E27 /* Frameworks */ = {
			isa = PBXFrameworksBuildPhase;
			buildActionMask = 2147483647;
			files = (
				61C20ED019BD38D000E60E27 /* CoreGraphics.framework in Frameworks */,
				61C20ED219BD38D000E60E27 /* UIKit.framework in Frameworks */,
				61C20ECE19BD38D000E60E27 /* Foundation.framework in Frameworks */,
			);
			runOnlyForDeploymentPostprocessing = 0;
		};
		61C20EE819BD38D000E60E27 /* Frameworks */ = {
			isa = PBXFrameworksBuildPhase;
			buildActionMask = 2147483647;
			files = (
				61C20EED19BD38D000E60E27 /* XCTest.framework in Frameworks */,
				61C20EEF19BD38D000E60E27 /* UIKit.framework in Frameworks */,
				61C20EEE19BD38D000E60E27 /* Foundation.framework in Frameworks */,
			);
			runOnlyForDeploymentPostprocessing = 0;
		};
/* End PBXFrameworksBuildPhase section */

/* Begin PBXGroup section */
		61C20EC119BD38D000E60E27 = {
			isa = PBXGroup;
			children = (
				61C20F0219BD3DD600E60E27 /* DDMathParser */,
				61C20ED319BD38D000E60E27 /* calculadora7 */,
				61C20EF219BD38D000E60E27 /* calculadora7Tests */,
				61C20ECC19BD38D000E60E27 /* Frameworks */,
				61C20ECB19BD38D000E60E27 /* Products */,
			);
			sourceTree = "<group>";
		};
		61C20ECB19BD38D000E60E27 /* Products */ = {
			isa = PBXGroup;
			children = (
				61C20ECA19BD38D000E60E27 /* calculadora7.app */,
				61C20EEB19BD38D000E60E27 /* calculadora7Tests.xctest */,
			);
			name = Products;
			sourceTree = "<group>";
		};
		61C20ECC19BD38D000E60E27 /* Frameworks */ = {
			isa = PBXGroup;
			children = (
				61C20ECD19BD38D000E60E27 /* Foundation.framework */,
				61C20ECF19BD38D000E60E27 /* CoreGraphics.framework */,
				61C20ED119BD38D000E60E27 /* UIKit.framework */,
				61C20EEC19BD38D000E60E27 /* XCTest.framework */,
			);
			name = Frameworks;
			sourceTree = "<group>";
		};
		61C20ED319BD38D000E60E27 /* calculadora7 */ = {
			isa = PBXGroup;
			children = (
				61C20EDC19BD38D000E60E27 /* AppDelegate.h */,
				61C20EDD19BD38D000E60E27 /* AppDelegate.m */,
				61C20EDF19BD38D000E60E27 /* Main.storyboard */,
				61C20EE219BD38D000E60E27 /* ViewController.h */,
				61C20EE319BD38D000E60E27 /* ViewController.m */,
				61C20EE519BD38D000E60E27 /* Images.xcassets */,
				61C20ED419BD38D000E60E27 /* Supporting Files */,
			);
			path = calculadora7;
			sourceTree = "<group>";
		};
		61C20ED419BD38D000E60E27 /* Supporting Files */ = {
			isa = PBXGroup;
			children = (
				61C20ED519BD38D000E60E27 /* calculadora7-Info.plist */,
				61C20ED619BD38D000E60E27 /* InfoPlist.strings */,
				61C20ED919BD38D000E60E27 /* main.m */,
				61C20EDB19BD38D000E60E27 /* calculadora7-Prefix.pch */,
			);
			name = "Supporting Files";
			sourceTree = "<group>";
		};
		61C20EF219BD38D000E60E27 /* calculadora7Tests */ = {
			isa = PBXGroup;
			children = (
				61C20EF819BD38D100E60E27 /* calculadora7Tests.m */,
				61C20EF319BD38D000E60E27 /* Supporting Files */,
			);
			path = calculadora7Tests;
			sourceTree = "<group>";
		};
		61C20EF319BD38D000E60E27 /* Supporting Files */ = {
			isa = PBXGroup;
			children = (
				61C20EF419BD38D000E60E27 /* calculadora7Tests-Info.plist */,
				61C20EF519BD38D000E60E27 /* InfoPlist.strings */,
			);
			name = "Supporting Files";
			sourceTree = "<group>";
		};
		61C20F0219BD3DD600E60E27 /* DDMathParser */ = {
			isa = PBXGroup;
			children = (
				61C20F0319BD3DD600E60E27 /* _DDDecimalFunctions.h */,
				61C20F0419BD3DD600E60E27 /* _DDDecimalFunctions.m */,
				61C20F0519BD3DD600E60E27 /* _DDFunctionEvaluator.h */,
				61C20F0619BD3DD600E60E27 /* _DDFunctionEvaluator.m */,
				61C20F0719BD3DD600E60E27 /* _DDFunctionExpression.h */,
				61C20F0819BD3DD600E60E27 /* _DDFunctionExpression.m */,
				61C20F0919BD3DD600E60E27 /* _DDFunctionTerm.h */,
				61C20F0A19BD3DD600E60E27 /* _DDFunctionTerm.m */,
				61C20F0B19BD3DD600E60E27 /* _DDGroupTerm.h */,
				61C20F0C19BD3DD600E60E27 /* _DDGroupTerm.m */,
				61C20F0D19BD3DD600E60E27 /* _DDNumberExpression.h */,
				61C20F0E19BD3DD600E60E27 /* _DDNumberExpression.m */,
				61C20F0F19BD3DD600E60E27 /* _DDNumberTerm.h */,
				61C20F1019BD3DD600E60E27 /* _DDNumberTerm.m */,
				61C20F1119BD3DD600E60E27 /* _DDOperatorTerm.h */,
				61C20F1219BD3DD600E60E27 /* _DDOperatorTerm.m */,
				61C20F1319BD3DD600E60E27 /* _DDParserTerm.h */,
				61C20F1419BD3DD600E60E27 /* _DDParserTerm.m */,
				61C20F1519BD3DD600E60E27 /* _DDPrecisionFunctionEvaluator.h */,
				61C20F1619BD3DD600E60E27 /* _DDPrecisionFunctionEvaluator.m */,
				61C20F1719BD3DD600E60E27 /* _DDRewriteRule.h */,
				61C20F1819BD3DD600E60E27 /* _DDRewriteRule.m */,
				61C20F1919BD3DD600E60E27 /* _DDVariableExpression.h */,
				61C20F1A19BD3DD600E60E27 /* _DDVariableExpression.m */,
				61C20F1B19BD3DD600E60E27 /* _DDVariableTerm.h */,
				61C20F1C19BD3DD600E60E27 /* _DDVariableTerm.m */,
				61C20F1D19BD3DD600E60E27 /* DDExpression.h */,
				61C20F1E19BD3DD600E60E27 /* DDExpression.m */,
				61C20F1F19BD3DD600E60E27 /* DDExpressionRewriter.h */,
				61C20F2019BD3DD600E60E27 /* DDExpressionRewriter.m */,
				61C20F2119BD3DD600E60E27 /* DDMathEvaluator+Private.h */,
				61C20F2219BD3DD600E60E27 /* DDMathEvaluator.h */,
				61C20F2319BD3DD600E60E27 /* DDMathEvaluator.m */,
				61C20F2419BD3DD600E60E27 /* DDMathOperator.h */,
				61C20F2519BD3DD600E60E27 /* DDMathOperator.m */,
				61C20F2619BD3DD600E60E27 /* DDMathOperator_Internal.h */,
				61C20F2719BD3DD600E60E27 /* DDMathParser.h */,
				61C20F2819BD3DD600E60E27 /* DDMathParserMacros.h */,
				61C20F2919BD3DD600E60E27 /* DDMathStringToken.h */,
				61C20F2A19BD3DD600E60E27 /* DDMathStringToken.m */,
				61C20F2B19BD3DD600E60E27 /* DDMathStringTokenizer.h */,
				61C20F2C19BD3DD600E60E27 /* DDMathStringTokenizer.m */,
				61C20F2D19BD3DD600E60E27 /* DDParser.h */,
				61C20F2E19BD3DD600E60E27 /* DDParser.m */,
				61C20F2F19BD3DD600E60E27 /* DDParserTypes.h */,
				61C20F3019BD3DD600E60E27 /* DDParserTypes.m */,
				61C20F3119BD3DD600E60E27 /* DDTypes.h */,
				61C20F3219BD3DD600E60E27 /* DDTypes.m */,
				61C20F3319BD3DD600E60E27 /* NSString+DDMathParsing.h */,
				61C20F3419BD3DD600E60E27 /* NSString+DDMathParsing.m */,
			);
			path = DDMathParser;
			sourceTree = "<group>";
		};
/* End PBXGroup section */

/* Begin PBXNativeTarget section */
		61C20EC919BD38D000E60E27 /* calculadora7 */ = {
			isa = PBXNativeTarget;
			buildConfigurationList = 61C20EFC19BD38D100E60E27 /* Build configuration list for PBXNativeTarget "calculadora7" */;
			buildPhases = (
				61C20EC619BD38D000E60E27 /* Sources */,
				61C20EC719BD38D000E60E27 /* Frameworks */,
				61C20EC819BD38D000E60E27 /* Resources */,
			);
			buildRules = (
			);
			dependencies = (
			);
			name = calculadora7;
			productName = calculadora7;
			productReference = 61C20ECA19BD38D000E60E27 /* calculadora7.app */;
			productType = "com.apple.product-type.application";
		};
		61C20EEA19BD38D000E60E27 /* calculadora7Tests */ = {
			isa = PBXNativeTarget;
			buildConfigurationList = 61C20EFF19BD38D100E60E27 /* Build configuration list for PBXNativeTarget "calculadora7Tests" */;
			buildPhases = (
				61C20EE719BD38D000E60E27 /* Sources */,
				61C20EE819BD38D000E60E27 /* Frameworks */,
				61C20EE919BD38D000E60E27 /* Resources */,
			);
			buildRules = (
			);
			dependencies = (
				61C20EF119BD38D000E60E27 /* PBXTargetDependency */,
			);
			name = calculadora7Tests;
			productName = calculadora7Tests;
			productReference = 61C20EEB19BD38D000E60E27 /* calculadora7Tests.xctest */;
			productType = "com.apple.product-type.bundle.unit-test";
		};
/* End PBXNativeTarget section */

/* Begin PBXProject section */
		61C20EC219BD38D000E60E27 /* Project object */ = {
			isa = PBXProject;
			attributes = {
				LastUpgradeCheck = 0510;
				ORGANIZATIONNAME = "David G. López";
				TargetAttributes = {
					61C20EEA19BD38D000E60E27 = {
						TestTargetID = 61C20EC919BD38D000E60E27;
					};
				};
			};
			buildConfigurationList = 61C20EC519BD38D000E60E27 /* Build configuration list for PBXProject "calculadora7" */;
			compatibilityVersion = "Xcode 3.2";
			developmentRegion = English;
			hasScannedForEncodings = 0;
			knownRegions = (
				en,
				Base,
			);
			mainGroup = 61C20EC119BD38D000E60E27;
			productRefGroup = 61C20ECB19BD38D000E60E27 /* Products */;
			projectDirPath = "";
			projectRoot = "";
			targets = (
				61C20EC919BD38D000E60E27 /* calculadora7 */,
				61C20EEA19BD38D000E60E27 /* calculadora7Tests */,
			);
		};
/* End PBXProject section */

/* Begin PBXResourcesBuildPhase section */
		61C20EC819BD38D000E60E27 /* Resources */ = {
			isa = PBXResourcesBuildPhase;
			buildActionMask = 2147483647;
			files = (
				61C20EE619BD38D000E60E27 /* Images.xcassets in Resources */,
				61C20ED819BD38D000E60E27 /* InfoPlist.strings in Resources */,
				61C20EE119BD38D000E60E27 /* Main.storyboard in Resources */,
			);
			runOnlyForDeploymentPostprocessing = 0;
		};
		61C20EE919BD38D000E60E27 /* Resources */ = {
			isa = PBXResourcesBuildPhase;
			buildActionMask = 2147483647;
			files = (
				61C20EF719BD38D000E60E27 /* InfoPlist.strings in Resources */,
			);
			runOnlyForDeploymentPostprocessing = 0;
		};
/* End PBXResourcesBuildPhase section */

/* Begin PBXSourcesBuildPhase section */
		61C20EC619BD38D000E60E27 /* Sources */ = {
			isa = PBXSourcesBuildPhase;
			buildActionMask = 2147483647;
			files = (
				61C20F3B19BD3DD600E60E27 /* _DDNumberTerm.m in Sources */,
				61C20F4119BD3DD600E60E27 /* _DDVariableTerm.m in Sources */,
				61C20F3819BD3DD600E60E27 /* _DDFunctionTerm.m in Sources */,
				61C20F3D19BD3DD600E60E27 /* _DDParserTerm.m in Sources */,
				61C20F4919BD3DD600E60E27 /* DDParserTypes.m in Sources */,
				61C20F4719BD3DD600E60E27 /* DDMathStringTokenizer.m in Sources */,
				61C20F4B19BD3DD600E60E27 /* NSString+DDMathParsing.m in Sources */,
				61C20EE419BD38D000E60E27 /* ViewController.m in Sources */,
				61C20F4219BD3DD600E60E27 /* DDExpression.m in Sources */,
				61C20F3719BD3DD600E60E27 /* _DDFunctionExpression.m in Sources */,
				61C20F3C19BD3DD600E60E27 /* _DDOperatorTerm.m in Sources */,
				61C20F4419BD3DD600E60E27 /* DDMathEvaluator.m in Sources */,
				61C20F4519BD3DD600E60E27 /* DDMathOperator.m in Sources */,
				61C20F4619BD3DD600E60E27 /* DDMathStringToken.m in Sources */,
				61C20EDE19BD38D000E60E27 /* AppDelegate.m in Sources */,
				61C20F4319BD3DD600E60E27 /* DDExpressionRewriter.m in Sources */,
				61C20F3E19BD3DD600E60E27 /* _DDPrecisionFunctionEvaluator.m in Sources */,
				61C20F4A19BD3DD600E60E27 /* DDTypes.m in Sources */,
				61C20F3619BD3DD600E60E27 /* _DDFunctionEvaluator.m in Sources */,
				61C20F3919BD3DD600E60E27 /* _DDGroupTerm.m in Sources */,
				61C20F3A19BD3DD600E60E27 /* _DDNumberExpression.m in Sources */,
				61C20EDA19BD38D000E60E27 /* main.m in Sources */,
				61C20F4819BD3DD600E60E27 /* DDParser.m in Sources */,
				61C20F4019BD3DD600E60E27 /* _DDVariableExpression.m in Sources */,
				61C20F3F19BD3DD600E60E27 /* _DDRewriteRule.m in Sources */,
				61C20F3519BD3DD600E60E27 /* _DDDecimalFunctions.m in Sources */,
			);
			runOnlyForDeploymentPostprocessing = 0;
		};
		61C20EE719BD38D000E60E27 /* Sources */ = {
			isa = PBXSourcesBuildPhase;
			buildActionMask = 2147483647;
			files = (
				61C20EF919BD38D100E60E27 /* calculadora7Tests.m in Sources */,
			);
			runOnlyForDeploymentPostprocessing = 0;
		};
/* End PBXSourcesBuildPhase section */

/* Begin PBXTargetDependency section */
		61C20EF119BD38D000E60E27 /* PBXTargetDependency */ = {
			isa = PBXTargetDependency;
			target = 61C20EC919BD38D000E60E27 /* calculadora7 */;
			targetProxy = 61C20EF019BD38D000E60E27 /* PBXContainerItemProxy */;
		};
/* End PBXTargetDependency section */

/* Begin PBXVariantGroup section */
		61C20ED619BD38D000E60E27 /* InfoPlist.strings */ = {
			isa = PBXVariantGroup;
			children = (
				61C20ED719BD38D000E60E27 /* en */,
			);
			name = InfoPlist.strings;
			sourceTree = "<group>";
		};
		61C20EDF19BD38D000E60E27 /* Main.storyboard */ = {
			isa = PBXVariantGroup;
			children = (
				61C20EE019BD38D000E60E27 /* Base */,
			);
			name = Main.storyboard;
			sourceTree = "<group>";
		};
		61C20EF519BD38D000E60E27 /* InfoPlist.strings */ = {
			isa = PBXVariantGroup;
			children = (
				61C20EF619BD38D000E60E27 /* en */,
			);
			name = InfoPlist.strings;
			sourceTree = "<group>";
		};
/* End PBXVariantGroup section */

/* Begin XCBuildConfiguration section */
		61C20EFA19BD38D100E60E27 /* Debug */ = {
			isa = XCBuildConfiguration;
			buildSettings = {
				ALWAYS_SEARCH_USER_PATHS = NO;
				CLANG_CXX_LANGUAGE_STANDARD = "gnu++0x";
				CLANG_CXX_LIBRARY = "libc++";
				CLANG_ENABLE_MODULES = YES;
				CLANG_ENABLE_OBJC_ARC = YES;
				CLANG_WARN_BOOL_CONVERSION = YES;
				CLANG_WARN_CONSTANT_CONVERSION = YES;
				CLANG_WARN_DIRECT_OBJC_ISA_USAGE = YES_ERROR;
				CLANG_WARN_EMPTY_BODY = YES;
				CLANG_WARN_ENUM_CONVERSION = YES;
				CLANG_WARN_INT_CONVERSION = YES;
				CLANG_WARN_OBJC_ROOT_CLASS = YES_ERROR;
				CLANG_WARN__DUPLICATE_METHOD_MATCH = YES;
				"CODE_SIGN_IDENTITY[sdk=iphoneos*]" = "iPhone Developer";
				COPY_PHASE_STRIP = NO;
				GCC_C_LANGUAGE_STANDARD = gnu99;
				GCC_DYNAMIC_NO_PIC = NO;
				GCC_OPTIMIZATION_LEVEL = 0;
				GCC_PREPROCESSOR_DEFINITIONS = (
					"DEBUG=1",
					"$(inherited)",
				);
				GCC_SYMBOLS_PRIVATE_EXTERN = NO;
				GCC_WARN_64_TO_32_BIT_CONVERSION = YES;
				GCC_WARN_ABOUT_RETURN_TYPE = YES_ERROR;
				GCC_WARN_UNDECLARED_SELECTOR = YES;
				GCC_WARN_UNINITIALIZED_AUTOS = YES_AGGRESSIVE;
				GCC_WARN_UNUSED_FUNCTION = YES;
				GCC_WARN_UNUSED_VARIABLE = YES;
				IPHONEOS_DEPLOYMENT_TARGET = 7.1;
				ONLY_ACTIVE_ARCH = YES;
				SDKROOT = iphoneos;
			};
			name = Debug;
		};
		61C20EFB19BD38D100E60E27 /* Release */ = {
			isa = XCBuildConfiguration;
			buildSettings = {
				ALWAYS_SEARCH_USER_PATHS = NO;
				CLANG_CXX_LANGUAGE_STANDARD = "gnu++0x";
				CLANG_CXX_LIBRARY = "libc++";
				CLANG_ENABLE_MODULES = YES;
				CLANG_ENABLE_OBJC_ARC = YES;
				CLANG_WARN_BOOL_CONVERSION = YES;
				CLANG_WARN_CONSTANT_CONVERSION = YES;
				CLANG_WARN_DIRECT_OBJC_ISA_USAGE = YES_ERROR;
				CLANG_WARN_EMPTY_BODY = YES;
				CLANG_WARN_ENUM_CONVERSION = YES;
				CLANG_WARN_INT_CONVERSION = YES;
				CLANG_WARN_OBJC_ROOT_CLASS = YES_ERROR;
				CLANG_WARN__DUPLICATE_METHOD_MATCH = YES;
				"CODE_SIGN_IDENTITY[sdk=iphoneos*]" = "iPhone Developer";
				COPY_PHASE_STRIP = YES;
				ENABLE_NS_ASSERTIONS = NO;
				GCC_C_LANGUAGE_STANDARD = gnu99;
				GCC_WARN_64_TO_32_BIT_CONVERSION = YES;
				GCC_WARN_ABOUT_RETURN_TYPE = YES_ERROR;
				GCC_WARN_UNDECLARED_SELECTOR = YES;
				GCC_WARN_UNINITIALIZED_AUTOS = YES_AGGRESSIVE;
				GCC_WARN_UNUSED_FUNCTION = YES;
				GCC_WARN_UNUSED_VARIABLE = YES;
				IPHONEOS_DEPLOYMENT_TARGET = 7.1;
				SDKROOT = iphoneos;
				VALIDATE_PRODUCT = YES;
			};
			name = Release;
		};
		61C20EFD19BD38D100E60E27 /* Debug */ = {
			isa = XCBuildConfiguration;
			buildSettings = {
				ASSETCATALOG_COMPILER_APPICON_NAME = AppIcon;
				ASSETCATALOG_COMPILER_LAUNCHIMAGE_NAME = LaunchImage;
				GCC_PRECOMPILE_PREFIX_HEADER = YES;
				GCC_PREFIX_HEADER = "calculadora7/calculadora7-Prefix.pch";
				INFOPLIST_FILE = "calculadora7/calculadora7-Info.plist";
				PRODUCT_NAME = "$(TARGET_NAME)";
				WRAPPER_EXTENSION = app;
			};
			name = Debug;
		};
		61C20EFE19BD38D100E60E27 /* Release */ = {
			isa = XCBuildConfiguration;
			buildSettings = {
				ASSETCATALOG_COMPILER_APPICON_NAME = AppIcon;
				ASSETCATALOG_COMPILER_LAUNCHIMAGE_NAME = LaunchImage;
				GCC_PRECOMPILE_PREFIX_HEADER = YES;
				GCC_PREFIX_HEADER = "calculadora7/calculadora7-Prefix.pch";
				INFOPLIST_FILE = "calculadora7/calculadora7-Info.plist";
				PRODUCT_NAME = "$(TARGET_NAME)";
				WRAPPER_EXTENSION = app;
			};
			name = Release;
		};
		61C20F0019BD38D100E60E27 /* Debug */ = {
			isa = XCBuildConfiguration;
			buildSettings = {
				BUNDLE_LOADER = "$(BUILT_PRODUCTS_DIR)/calculadora7.app/calculadora7";
				FRAMEWORK_SEARCH_PATHS = (
					"$(SDKROOT)/Developer/Library/Frameworks",
					"$(inherited)",
					"$(DEVELOPER_FRAMEWORKS_DIR)",
				);
				GCC_PRECOMPILE_PREFIX_HEADER = YES;
				GCC_PREFIX_HEADER = "calculadora7/calculadora7-Prefix.pch";
				GCC_PREPROCESSOR_DEFINITIONS = (
					"DEBUG=1",
					"$(inherited)",
				);
				INFOPLIST_FILE = "calculadora7Tests/calculadora7Tests-Info.plist";
				PRODUCT_NAME = "$(TARGET_NAME)";
				TEST_HOST = "$(BUNDLE_LOADER)";
				WRAPPER_EXTENSION = xctest;
			};
			name = Debug;
		};
		61C20F0119BD38D100E60E27 /* Release */ = {
			isa = XCBuildConfiguration;
			buildSettings = {
				BUNDLE_LOADER = "$(BUILT_PRODUCTS_DIR)/calculadora7.app/calculadora7";
				FRAMEWORK_SEARCH_PATHS = (
					"$(SDKROOT)/Developer/Library/Frameworks",
					"$(inherited)",
					"$(DEVELOPER_FRAMEWORKS_DIR)",
				);
				GCC_PRECOMPILE_PREFIX_HEADER = YES;
				GCC_PREFIX_HEADER = "calculadora7/calculadora7-Prefix.pch";
				INFOPLIST_FILE = "calculadora7Tests/calculadora7Tests-Info.plist";
				PRODUCT_NAME = "$(TARGET_NAME)";
				TEST_HOST = "$(BUNDLE_LOADER)";
				WRAPPER_EXTENSION = xctest;
			};
			name = Release;
		};
/* End XCBuildConfiguration section */

/* Begin XCConfigurationList section */
		61C20EC519BD38D000E60E27 /* Build configuration list for PBXProject "calculadora7" */ = {
			isa = XCConfigurationList;
			buildConfigurations = (
				61C20EFA19BD38D100E60E27 /* Debug */,
				61C20EFB19BD38D100E60E27 /* Release */,
			);
			defaultConfigurationIsVisible = 0;
			defaultConfigurationName = Release;
		};
		61C20EFC19BD38D100E60E27 /* Build configuration list for PBXNativeTarget "calculadora7" */ = {
			isa = XCConfigurationList;
			buildConfigurations = (
				61C20EFD19BD38D100E60E27 /* Debug */,
				61C20EFE19BD38D100E60E27 /* Release */,
			);
			defaultConfigurationIsVisible = 0;
		};
		61C20EFF19BD38D100E60E27 /* Build configuration list for PBXNativeTarget "calculadora7Tests" */ = {
			isa = XCConfigurationList;
			buildConfigurations = (
				61C20F0019BD38D100E60E27 /* Debug */,
				61C20F0119BD38D100E60E27 /* Release */,
			);
			defaultConfigurationIsVisible = 0;
		};
/* End XCConfigurationList section */
	};
	rootObject = 61C20EC219BD38D000E60E27 /* Project object */;
}
